{
  "name": "ulam",
  "lockfileVersion": 3,
  "requires": true,
  "packages": {
    "": {
      "name": "ulam",
      "workspaces": [
        "packages/*"
      ],
      "devDependencies": {
        "react": "^19.2.5",
        "react-dom": "^19.2.5"
      }
    },
    "node_modules/@ulam/calamansi": {
      "resolved": "packages/calamansi",
      "link": true
    },
    "node_modules/@ulam/halohalo": {
      "resolved": "packages/halohalo",
      "link": true
    },
    "node_modules/@ulam/sawsawan": {
      "resolved": "packages/sawsawan",
      "link": true
    },
    "node_modules/@ulam/sili": {
      "resolved": "packages/sili",
      "link": true
    },
    "node_modules/@ulam/taho": {
      "resolved": "packages/taho",
      "link": true
    },
    "node_modules/@ulam/ube": {
      "resolved": "packages/ube",
      "link": true
    },
    "node_modules/react": {
      "version": "19.2.6",
      "resolved": "https://registry.npmjs.org/react/-/react-19.2.6.tgz",
      "integrity": "sha512-sfWGGfavi0xr8Pg0sVsyHMAOziVYKgPLNrS7ig+ivMNb3wbCBw3KxtflsGBAwD3gYQlE/AEZsTLgToRrSCjb0Q==",
      "devOptional": true,
      "license": "MIT",
      "engines": {
        "node": ">=0.10.0"
      }
    },
    "node_modules/react-dom": {
      "version": "19.2.6",
      "resolved": "https://registry.npmjs.org/react-dom/-/react-dom-19.2.6.tgz",
      "integrity": "sha512-0prMI+hvBbPjsWnxDLxlCGyM8PN6UuWjEUCYmZhO67xIV9Xasa/r/vDnq+Xyq4Lo27g8QSbO5YzARu0D1Sps3g==",
      "devOptional": true,
      "license": "MIT",
      "dependencies": {
        "scheduler": "^0.27.0"
      },
      "peerDependencies": {
        "react": "^19.2.6"
      }
    },
    "node_modules/scheduler": {
      "version": "0.27.0",
      "resolved": "https://registry.npmjs.org/scheduler/-/scheduler-0.27.0.tgz",
      "integrity": "sha512-eNv+WrVbKu1f3vbYJT/xtiF5syA5HPIMtf9IgY/nKg0sWqzAUEvqY/xm7OcZc/qafLx/iO9FgOmeSAp4v5ti/Q==",
      "devOptional": true,
      "license": "MIT"
    },
    "packages/calamansi": {
      "name": "@ulam/calamansi",
      "version": "0.1.0",
      "license": "MIT",
      "peerDependencies": {
        "@angular/core": ">=17",
        "react": ">=18",
        "vue": ">=3"
      },
      "peerDependenciesMeta": {
        "@angular/core": {
          "optional": true
        },
        "react": {
          "optional": true
        },
        "vue": {
          "optional": true
        }
      }
    },
    "packages/halohalo": {
      "name": "@ulam/halohalo",
      "version": "0.1.0",
      "license": "MIT",
      "peerDependencies": {
        "@angular/core": ">=17",
        "@ulam/sawsawan": "*",
        "fuse.js": ">=7",
        "react": ">=18",
        "vue": ">=3"
      },
      "peerDependenciesMeta": {
        "@angular/core": {
          "optional": true
        },
        "@ulam/sawsawan": {
          "optional": true
        },
        "fuse.js": {
          "optional": true
        },
        "react": {
          "optional": true
        },
        "vue": {
          "optional": true
        }
      }
    },
    "packages/sawsawan": {
      "name": "@ulam/sawsawan",
      "version": "0.1.0",
      "license": "MIT",
      "peerDependencies": {
        "@ulam/calamansi": "*",
        "@ulam/halohalo": "*",
        "@ulam/taho": "*",
        "@ulam/ube": "^0.1.1",
        "react": ">=18"
      },
      "peerDependenciesMeta": {
        "@ulam/calamansi": {
          "optional": true
        },
        "@ulam/halohalo": {
          "optional": true
        },
        "@ulam/taho": {
          "optional": true
        },
        "@ulam/ube": {
          "optional": true
        },
        "react": {
          "optional": true
        }
      }
    },
    "packages/sili": {
      "name": "@ulam/sili",
      "version": "0.1.0",
      "license": "MIT",
      "peerDependencies": {
        "@angular/core": ">=17",
        "react": ">=18",
        "react-dom": ">=18",
        "vue": ">=3"
      },
      "peerDependenciesMeta": {
        "@angular/core": {
          "optional": true
        },
        "react": {
          "optional": true
        },
        "react-dom": {
          "optional": true
        },
        "vue": {
          "optional": true
        }
      }
    },
    "packages/taho": {
      "name": "@ulam/taho",
      "version": "0.1.0",
      "license": "MIT",
      "peerDependencies": {
        "@angular/core": ">=17",
        "react": ">=18",
        "react-dom": ">=18",
        "vue": ">=3"
      },
      "peerDependenciesMeta": {
        "@angular/core": {
          "optional": true
        },
        "react": {
          "optional": true
        },
        "react-dom": {
          "optional": true
        },
        "vue": {
          "optional": true
        }
      }
    },
    "packages/ube": {
      "name": "@ulam/ube",
      "version": "0.1.1",
      "license": "MIT",
      "peerDependencies": {
        "@ulam/calamansi": "*",
        "@ulam/sili": "*",
        "@ulam/taho": "*",
        "react": ">=18",
        "react-dom": ">=18"
      },
      "peerDependenciesMeta": {
        "@ulam/calamansi": {
          "optional": true
        },
        "@ulam/sili": {
          "optional": true
        },
        "@ulam/taho": {
          "optional": true
        },
        "react": {
          "optional": true
        },
        "react-dom": {
          "optional": true
        }
      }
    }
  }
}
